
Microsoft Visual Studio Solution File, Format Version 12.00
# Visual Studio 15
VisualStudioVersion = 15.0.28010.2016
MinimumVisualStudioVersion = 10.0.40219.1
Project("{FAE04EC0-301F-11D3-BF4B-00C04F79EFBC}") = "todolist", "todolist\todolist.csproj", "{83FD943F-C7E9-4C1D-B521-C25579346CCE}"
EndProject
Global
	GlobalSection(SolutionConfigurationPlatforms) = preSolution
		Debug|Any CPU = Debug|Any CPU
		Release|Any CPU = Release|Any CPU
	EndGlobalSection
	GlobalSection(ProjectConfigurationPlatforms) = postSolution
		{83FD943F-C7E9-4C1D-B521-C25579346CCE}.Debug|Any CPU.ActiveCfg = Debug|Any CPU
		{83FD943F-C7E9-4C1D-B521-C25579346CCE}.Debug|Any CPU.Build.0 = Debug|Any CPU
		{83FD943F-C7E9-4C1D-B521-C25579346CCE}.Release|Any CPU.ActiveCfg = Release|Any CPU
		{83FD943F-C7E9-4C1D-B521-C25579346CCE}.Release|Any CPU.Build.0 = Release|Any CPU
	EndGlobalSection
	GlobalSection(SolutionProperties) = preSolution
		HideSolutionNode = FALSE
	EndGlobalSection
	GlobalSection(ExtensibilityGlobals) = postSolution
		SolutionGuid = {159776E4-28FD-4E0C-B622-C3B474DE07E8}
	EndGlobalSection
EndGlobal
